
Microsoft Visual Studio Solution File, Format Version 12.00
# Visual Studio Version 17
VisualStudioVersion = 17.10.34928.147
MinimumVisualStudioVersion = 10.0.40219.1
Project("{FAE04EC0-301F-11D3-BF4B-00C04F79EFBC}") = "Sales.Shared", "Sales.Shared\Sales.Shared.csproj", "{96061D59-5F91-4989-AFC8-95CFAFA4C301}"
EndProject
Global
	GlobalSection(SolutionConfigurationPlatforms) = preSolution
		Debug|Any CPU = Debug|Any CPU
		Release|Any CPU = Release|Any CPU
	EndGlobalSection
	GlobalSection(ProjectConfigurationPlatforms) = postSolution
		{96061D59-5F91-4989-AFC8-95CFAFA4C301}.Debug|Any CPU.ActiveCfg = Debug|Any CPU
		{96061D59-5F91-4989-AFC8-95CFAFA4C301}.Debug|Any CPU.Build.0 = Debug|Any CPU
		{96061D59-5F91-4989-AFC8-95CFAFA4C301}.Release|Any CPU.ActiveCfg = Release|Any CPU
		{96061D59-5F91-4989-AFC8-95CFAFA4C301}.Release|Any CPU.Build.0 = Release|Any CPU
	EndGlobalSection
	GlobalSection(SolutionProperties) = preSolution
		HideSolutionNode = FALSE
	EndGlobalSection
	GlobalSection(ExtensibilityGlobals) = postSolution
		SolutionGuid = {01C4682D-CA9C-4D26-BDC7-73DE9501880F}
	EndGlobalSection
EndGlobal
